// !$*UTF8*$!
{
	archiveVersion = 1;
	classes = {
	};
	objectVersion = 50;
	objects = {

/* Begin PBXBuildFile section */
		B76470F825E13650003054A6 /* ShoeCell.swift in Sources */ = {isa = PBXBuildFile; fileRef = B76470F725E13650003054A6 /* ShoeCell.swift */; };
		B764710E25E13E95003054A6 /* ShoesList.swift in Sources */ = {isa = PBXBuildFile; fileRef = B764710D25E13E95003054A6 /* ShoesList.swift */; };
		B764711925E14071003054A6 /* BrandList.swift in Sources */ = {isa = PBXBuildFile; fileRef = B764711825E14071003054A6 /* BrandList.swift */; };
		B764712225E15692003054A6 /* ShoesCollectionManager.swift in Sources */ = {isa = PBXBuildFile; fileRef = B764712125E15692003054A6 /* ShoesCollectionManager.swift */; };
		B774DEF125FD2D4400938BBF /* ProfileView.swift in Sources */ = {isa = PBXBuildFile; fileRef = B774DEF025FD2D4400938BBF /* ProfileView.swift */; };
		B774DEFC25FD3BBE00938BBF /* DiscoverView.swift in Sources */ = {isa = PBXBuildFile; fileRef = B774DEFB25FD3BBE00938BBF /* DiscoverView.swift */; };
		B774DF0425FE371600938BBF /* ShoesListView.swift in Sources */ = {isa = PBXBuildFile; fileRef = B774DF0325FE371600938BBF /* ShoesListView.swift */; };
		B788C82125E947C500F1734D /* ShoesCollection.swift in Sources */ = {isa = PBXBuildFile; fileRef = B788C82025E947C500F1734D /* ShoesCollection.swift */; };
		B788C83025E952A900F1734D /* Array+Identifiable.swift in Sources */ = {isa = PBXBuildFile; fileRef = B788C82F25E952A900F1734D /* Array+Identifiable.swift */; };
		B788C84225E985FE00F1734D /* BrandListView.swift in Sources */ = {isa = PBXBuildFile; fileRef = B788C84125E985FE00F1734D /* BrandListView.swift */; };
		B788C84F25F00E3800F1734D /* ShoeCollectionItemView.swift in Sources */ = {isa = PBXBuildFile; fileRef = B788C84E25F00E3800F1734D /* ShoeCollectionItemView.swift */; };
		B790850B2604E83100205640 /* IndicateSizeView.swift in Sources */ = {isa = PBXBuildFile; fileRef = B790850A2604E83100205640 /* IndicateSizeView.swift */; };
		B79085172604E8DA00205640 /* IndicateSizeManager.swift in Sources */ = {isa = PBXBuildFile; fileRef = B79085162604E8DA00205640 /* IndicateSizeManager.swift */; };
		B79085202604EB3B00205640 /* AddShoeView.swift in Sources */ = {isa = PBXBuildFile; fileRef = B790851F2604EB3B00205640 /* AddShoeView.swift */; };
		B79085292604EB6D00205640 /* AddShoeManager.swift in Sources */ = {isa = PBXBuildFile; fileRef = B79085282604EB6D00205640 /* AddShoeManager.swift */; };
		B7930FB725FAB8C700AEAE44 /* BrandItemView.swift in Sources */ = {isa = PBXBuildFile; fileRef = B7930FB625FAB8C700AEAE44 /* BrandItemView.swift */; };
		B7930FC025FABBE200AEAE44 /* NavView.swift in Sources */ = {isa = PBXBuildFile; fileRef = B7930FBF25FABBE200AEAE44 /* NavView.swift */; };
		B7AC556225FE775A00DCA642 /* ShoesListManager.swift in Sources */ = {isa = PBXBuildFile; fileRef = B7AC556125FE775A00DCA642 /* ShoesListManager.swift */; };
		B7AC556D25FE77A900DCA642 /* BrandListManager.swift in Sources */ = {isa = PBXBuildFile; fileRef = B7AC556C25FE77A900DCA642 /* BrandListManager.swift */; };
		B7AC557B25FE789600DCA642 /* ShoeListItemView.swift in Sources */ = {isa = PBXBuildFile; fileRef = B7AC557A25FE789600DCA642 /* ShoeListItemView.swift */; };
		B7CA773E25DDA4D100ABF820 /* AppDelegate.swift in Sources */ = {isa = PBXBuildFile; fileRef = B7CA773D25DDA4D100ABF820 /* AppDelegate.swift */; };
		B7CA774025DDA4D100ABF820 /* SceneDelegate.swift in Sources */ = {isa = PBXBuildFile; fileRef = B7CA773F25DDA4D100ABF820 /* SceneDelegate.swift */; };
		B7CA774225DDA4D100ABF820 /* ShoeCollectionView.swift in Sources */ = {isa = PBXBuildFile; fileRef = B7CA774125DDA4D100ABF820 /* ShoeCollectionView.swift */; };
		B7CA774525DDA4D100ABF820 /* fitrite.xcdatamodeld in Sources */ = {isa = PBXBuildFile; fileRef = B7CA774325DDA4D100ABF820 /* fitrite.xcdatamodeld */; };
		B7CA774725DDA4D300ABF820 /* Assets.xcassets in Resources */ = {isa = PBXBuildFile; fileRef = B7CA774625DDA4D300ABF820 /* Assets.xcassets */; };
		B7CA774A25DDA4D300ABF820 /* Preview Assets.xcassets in Resources */ = {isa = PBXBuildFile; fileRef = B7CA774925DDA4D300ABF820 /* Preview Assets.xcassets */; };
		B7CA774D25DDA4D300ABF820 /* LaunchScreen.storyboard in Resources */ = {isa = PBXBuildFile; fileRef = B7CA774B25DDA4D300ABF820 /* LaunchScreen.storyboard */; };
		B7CA775825DDA4D300ABF820 /* fitriteTests.swift in Sources */ = {isa = PBXBuildFile; fileRef = B7CA775725DDA4D300ABF820 /* fitriteTests.swift */; };
		B7CA776325DDA4D300ABF820 /* fitriteUITests.swift in Sources */ = {isa = PBXBuildFile; fileRef = B7CA776225DDA4D300ABF820 /* fitriteUITests.swift */; };
/* End PBXBuildFile section */

/* Begin PBXContainerItemProxy section */
		B7CA775425DDA4D300ABF820 /* PBXContainerItemProxy */ = {
			isa = PBXContainerItemProxy;
			containerPortal = B7CA773225DDA4D000ABF820 /* Project object */;
			proxyType = 1;
			remoteGlobalIDString = B7CA773925DDA4D100ABF820;
			remoteInfo = fitrite;
		};
		B7CA775F25DDA4D300ABF820 /* PBXContainerItemProxy */ = {
			isa = PBXContainerItemProxy;
			containerPortal = B7CA773225DDA4D000ABF820 /* Project object */;
			proxyType = 1;
			remoteGlobalIDString = B7CA773925DDA4D100ABF820;
			remoteInfo = fitrite;
		};
/* End PBXContainerItemProxy section */

/* Begin PBXFileReference section */
		B76470F725E13650003054A6 /* ShoeCell.swift */ = {isa = PBXFileReference; lastKnownFileType = sourcecode.swift; path = ShoeCell.swift; sourceTree = "<group>"; };
		B764710D25E13E95003054A6 /* ShoesList.swift */ = {isa = PBXFileReference; lastKnownFileType = sourcecode.swift; path = ShoesList.swift; sourceTree = "<group>"; };
		B764711825E14071003054A6 /* BrandList.swift */ = {isa = PBXFileReference; lastKnownFileType = sourcecode.swift; path = BrandList.swift; sourceTree = "<group>"; };
		B764712125E15692003054A6 /* ShoesCollectionManager.swift */ = {isa = PBXFileReference; lastKnownFileType = sourcecode.swift; path = ShoesCollectionManager.swift; sourceTree = "<group>"; };
		B774DEF025FD2D4400938BBF /* ProfileView.swift */ = {isa = PBXFileReference; lastKnownFileType = sourcecode.swift; path = ProfileView.swift; sourceTree = "<group>"; };
		B774DEFB25FD3BBE00938BBF /* DiscoverView.swift */ = {isa = PBXFileReference; lastKnownFileType = sourcecode.swift; path = DiscoverView.swift; sourceTree = "<group>"; };
		B774DF0325FE371600938BBF /* ShoesListView.swift */ = {isa = PBXFileReference; lastKnownFileType = sourcecode.swift; path = ShoesListView.swift; sourceTree = "<group>"; };
		B788C82025E947C500F1734D /* ShoesCollection.swift */ = {isa = PBXFileReference; lastKnownFileType = sourcecode.swift; path = ShoesCollection.swift; sourceTree = "<group>"; };
		B788C82F25E952A900F1734D /* Array+Identifiable.swift */ = {isa = PBXFileReference; lastKnownFileType = sourcecode.swift; path = "Array+Identifiable.swift"; sourceTree = "<group>"; };
		B788C84125E985FE00F1734D /* BrandListView.swift */ = {isa = PBXFileReference; lastKnownFileType = sourcecode.swift; path = BrandListView.swift; sourceTree = "<group>"; };
		B788C84E25F00E3800F1734D /* ShoeCollectionItemView.swift */ = {isa = PBXFileReference; lastKnownFileType = sourcecode.swift; path = ShoeCollectionItemView.swift; sourceTree = "<group>"; };
		B790850A2604E83100205640 /* IndicateSizeView.swift */ = {isa = PBXFileReference; lastKnownFileType = sourcecode.swift; path = IndicateSizeView.swift; sourceTree = "<group>"; };
		B79085162604E8DA00205640 /* IndicateSizeManager.swift */ = {isa = PBXFileReference; lastKnownFileType = sourcecode.swift; path = IndicateSizeManager.swift; sourceTree = "<group>"; };
		B790851F2604EB3B00205640 /* AddShoeView.swift */ = {isa = PBXFileReference; lastKnownFileType = sourcecode.swift; path = AddShoeView.swift; sourceTree = "<group>"; };
		B79085282604EB6D00205640 /* AddShoeManager.swift */ = {isa = PBXFileReference; lastKnownFileType = sourcecode.swift; path = AddShoeManager.swift; sourceTree = "<group>"; };
		B7930FB625FAB8C700AEAE44 /* BrandItemView.swift */ = {isa = PBXFileReference; lastKnownFileType = sourcecode.swift; path = BrandItemView.swift; sourceTree = "<group>"; };
		B7930FBF25FABBE200AEAE44 /* NavView.swift */ = {isa = PBXFileReference; lastKnownFileType = sourcecode.swift; path = NavView.swift; sourceTree = "<group>"; };
		B7AC556125FE775A00DCA642 /* ShoesListManager.swift */ = {isa = PBXFileReference; lastKnownFileType = sourcecode.swift; path = ShoesListManager.swift; sourceTree = "<group>"; };
		B7AC556C25FE77A900DCA642 /* BrandListManager.swift */ = {isa = PBXFileReference; lastKnownFileType = sourcecode.swift; path = BrandListManager.swift; sourceTree = "<group>"; };
		B7AC557A25FE789600DCA642 /* ShoeListItemView.swift */ = {isa = PBXFileReference; lastKnownFileType = sourcecode.swift; path = ShoeListItemView.swift; sourceTree = "<group>"; };
		B7CA773A25DDA4D100ABF820 /* fitrite.app */ = {isa = PBXFileReference; explicitFileType = wrapper.application; includeInIndex = 0; path = fitrite.app; sourceTree = BUILT_PRODUCTS_DIR; };
		B7CA773D25DDA4D100ABF820 /* AppDelegate.swift */ = {isa = PBXFileReference; lastKnownFileType = sourcecode.swift; path = AppDelegate.swift; sourceTree = "<group>"; };
		B7CA773F25DDA4D100ABF820 /* SceneDelegate.swift */ = {isa = PBXFileReference; lastKnownFileType = sourcecode.swift; path = SceneDelegate.swift; sourceTree = "<group>"; };
		B7CA774125DDA4D100ABF820 /* ShoeCollectionView.swift */ = {isa = PBXFileReference; lastKnownFileType = sourcecode.swift; path = ShoeCollectionView.swift; sourceTree = "<group>"; };
		B7CA774425DDA4D100ABF820 /* fitrite.xcdatamodel */ = {isa = PBXFileReference; lastKnownFileType = wrapper.xcdatamodel; path = fitrite.xcdatamodel; sourceTree = "<group>"; };
		B7CA774625DDA4D300ABF820 /* Assets.xcassets */ = {isa = PBXFileReference; lastKnownFileType = folder.assetcatalog; path = Assets.xcassets; sourceTree = "<group>"; };
		B7CA774925DDA4D300ABF820 /* Preview Assets.xcassets */ = {isa = PBXFileReference; lastKnownFileType = folder.assetcatalog; path = "Preview Assets.xcassets"; sourceTree = "<group>"; };
		B7CA774C25DDA4D300ABF820 /* Base */ = {isa = PBXFileReference; lastKnownFileType = file.storyboard; name = Base; path = Base.lproj/LaunchScreen.storyboard; sourceTree = "<group>"; };
		B7CA774E25DDA4D300ABF820 /* Info.plist */ = {isa = PBXFileReference; lastKnownFileType = text.plist.xml; path = Info.plist; sourceTree = "<group>"; };
		B7CA775325DDA4D300ABF820 /* fitriteTests.xctest */ = {isa = PBXFileReference; explicitFileType = wrapper.cfbundle; includeInIndex = 0; path = fitriteTests.xctest; sourceTree = BUILT_PRODUCTS_DIR; };
		B7CA775725DDA4D300ABF820 /* fitriteTests.swift */ = {isa = PBXFileReference; lastKnownFileType = sourcecode.swift; path = fitriteTests.swift; sourceTree = "<group>"; };
		B7CA775925DDA4D300ABF820 /* Info.plist */ = {isa = PBXFileReference; lastKnownFileType = text.plist.xml; path = Info.plist; sourceTree = "<group>"; };
		B7CA775E25DDA4D300ABF820 /* fitriteUITests.xctest */ = {isa = PBXFileReference; explicitFileType = wrapper.cfbundle; includeInIndex = 0; path = fitriteUITests.xctest; sourceTree = BUILT_PRODUCTS_DIR; };
		B7CA776225DDA4D300ABF820 /* fitriteUITests.swift */ = {isa = PBXFileReference; lastKnownFileType = sourcecode.swift; path = fitriteUITests.swift; sourceTree = "<group>"; };
		B7CA776425DDA4D300ABF820 /* Info.plist */ = {isa = PBXFileReference; lastKnownFileType = text.plist.xml; path = Info.plist; sourceTree = "<group>"; };
/* End PBXFileReference section */

/* Begin PBXFrameworksBuildPhase section */
		B7CA773725DDA4D100ABF820 /* Frameworks */ = {
			isa = PBXFrameworksBuildPhase;
			buildActionMask = 2147483647;
			files = (
			);
			runOnlyForDeploymentPostprocessing = 0;
		};
		B7CA775025DDA4D300ABF820 /* Frameworks */ = {
			isa = PBXFrameworksBuildPhase;
			buildActionMask = 2147483647;
			files = (
			);
			runOnlyForDeploymentPostprocessing = 0;
		};
		B7CA775B25DDA4D300ABF820 /* Frameworks */ = {
			isa = PBXFrameworksBuildPhase;
			buildActionMask = 2147483647;
			files = (
			);
			runOnlyForDeploymentPostprocessing = 0;
		};
/* End PBXFrameworksBuildPhase section */

/* Begin PBXGroup section */
		B788C82E25E9528D00F1734D /* Utills */ = {
			isa = PBXGroup;
			children = (
				B788C82F25E952A900F1734D /* Array+Identifiable.swift */,
			);
			path = Utills;
			sourceTree = "<group>";
		};
		B788C83725E9594400F1734D /* ShoesCollection */ = {
			isa = PBXGroup;
			children = (
				B790851E2604EAF300205640 /* AddShoe */,
				B7AC555E25FE76FD00DCA642 /* Views */,
				B788C82025E947C500F1734D /* ShoesCollection.swift */,
				B764712125E15692003054A6 /* ShoesCollectionManager.swift */,
			);
			path = ShoesCollection;
			sourceTree = "<group>";
		};
		B788C84625EBC84D00F1734D /* Brands */ = {
			isa = PBXGroup;
			children = (
				B7AC555F25FE772D00DCA642 /* Views */,
				B764711825E14071003054A6 /* BrandList.swift */,
				B7AC556C25FE77A900DCA642 /* BrandListManager.swift */,
			);
			path = Brands;
			sourceTree = "<group>";
		};
		B79085092604E76900205640 /* IndicateSize */ = {
			isa = PBXGroup;
			children = (
				B79085152604E8BF00205640 /* Views */,
				B79085162604E8DA00205640 /* IndicateSizeManager.swift */,
			);
			path = IndicateSize;
			sourceTree = "<group>";
		};
		B79085152604E8BF00205640 /* Views */ = {
			isa = PBXGroup;
			children = (
				B790850A2604E83100205640 /* IndicateSizeView.swift */,
			);
			path = Views;
			sourceTree = "<group>";
		};
		B790851E2604EAF300205640 /* AddShoe */ = {
			isa = PBXGroup;
			children = (
				B79085242604EB4200205640 /* Views */,
				B79085282604EB6D00205640 /* AddShoeManager.swift */,
			);
			path = AddShoe;
			sourceTree = "<group>";
		};
		B79085242604EB4200205640 /* Views */ = {
			isa = PBXGroup;
			children = (
				B790851F2604EB3B00205640 /* AddShoeView.swift */,
			);
			path = Views;
			sourceTree = "<group>";
		};
		B7930FBE25FABBCA00AEAE44 /* MainNavigation */ = {
			isa = PBXGroup;
			children = (
				B7930FBF25FABBE200AEAE44 /* NavView.swift */,
			);
			path = MainNavigation;
			sourceTree = "<group>";
		};
		B7A89CA025FD2275001FDFDB /* ShoesList */ = {
			isa = PBXGroup;
			children = (
				B7AC556025FE773B00DCA642 /* Views */,
				B764710D25E13E95003054A6 /* ShoesList.swift */,
				B7AC556125FE775A00DCA642 /* ShoesListManager.swift */,
			);
			path = ShoesList;
			sourceTree = "<group>";
		};
		B7A89CA725FD2A44001FDFDB /* Profile */ = {
			isa = PBXGroup;
			children = (
				B774DEF025FD2D4400938BBF /* ProfileView.swift */,
			);
			path = Profile;
			sourceTree = "<group>";
		};
		B7A89CA825FD2A4F001FDFDB /* Discover */ = {
			isa = PBXGroup;
			children = (
				B774DEFB25FD3BBE00938BBF /* DiscoverView.swift */,
			);
			path = Discover;
			sourceTree = "<group>";
		};
		B7A89CA925FD2A63001FDFDB /* Home */ = {
			isa = PBXGroup;
			children = (
				B79085092604E76900205640 /* IndicateSize */,
				B788C83725E9594400F1734D /* ShoesCollection */,
				B7A89CA025FD2275001FDFDB /* ShoesList */,
				B788C84625EBC84D00F1734D /* Brands */,
			);
			path = Home;
			sourceTree = "<group>";
		};
		B7AC555E25FE76FD00DCA642 /* Views */ = {
			isa = PBXGroup;
			children = (
				B7CA774125DDA4D100ABF820 /* ShoeCollectionView.swift */,
				B788C84E25F00E3800F1734D /* ShoeCollectionItemView.swift */,
			);
			path = Views;
			sourceTree = "<group>";
		};
		B7AC555F25FE772D00DCA642 /* Views */ = {
			isa = PBXGroup;
			children = (
				B788C84125E985FE00F1734D /* BrandListView.swift */,
				B7930FB625FAB8C700AEAE44 /* BrandItemView.swift */,
			);
			path = Views;
			sourceTree = "<group>";
		};
		B7AC556025FE773B00DCA642 /* Views */ = {
			isa = PBXGroup;
			children = (
				B774DF0325FE371600938BBF /* ShoesListView.swift */,
				B7AC557A25FE789600DCA642 /* ShoeListItemView.swift */,
			);
			path = Views;
			sourceTree = "<group>";
		};
		B7CA773125DDA4D000ABF820 = {
			isa = PBXGroup;
			children = (
				B7CA773C25DDA4D100ABF820 /* fitrite */,
				B7CA775625DDA4D300ABF820 /* fitriteTests */,
				B7CA776125DDA4D300ABF820 /* fitriteUITests */,
				B7CA773B25DDA4D100ABF820 /* Products */,
			);
			sourceTree = "<group>";
		};
		B7CA773B25DDA4D100ABF820 /* Products */ = {
			isa = PBXGroup;
			children = (
				B7CA773A25DDA4D100ABF820 /* fitrite.app */,
				B7CA775325DDA4D300ABF820 /* fitriteTests.xctest */,
				B7CA775E25DDA4D300ABF820 /* fitriteUITests.xctest */,
			);
			name = Products;
			sourceTree = "<group>";
		};
		B7CA773C25DDA4D100ABF820 /* fitrite */ = {
			isa = PBXGroup;
			children = (
				B7930FBE25FABBCA00AEAE44 /* MainNavigation */,
				B7A89CA925FD2A63001FDFDB /* Home */,
				B7A89CA825FD2A4F001FDFDB /* Discover */,
				B7A89CA725FD2A44001FDFDB /* Profile */,
				B788C82E25E9528D00F1734D /* Utills */,
				B7CA773D25DDA4D100ABF820 /* AppDelegate.swift */,
				B7CA773F25DDA4D100ABF820 /* SceneDelegate.swift */,
				B76470F725E13650003054A6 /* ShoeCell.swift */,
				B7CA774625DDA4D300ABF820 /* Assets.xcassets */,
				B7CA774B25DDA4D300ABF820 /* LaunchScreen.storyboard */,
				B7CA774E25DDA4D300ABF820 /* Info.plist */,
				B7CA774325DDA4D100ABF820 /* fitrite.xcdatamodeld */,
				B7CA774825DDA4D300ABF820 /* Preview Content */,
			);
			path = fitrite;
			sourceTree = "<group>";
		};
		B7CA774825DDA4D300ABF820 /* Preview Content */ = {
			isa = PBXGroup;
			children = (
				B7CA774925DDA4D300ABF820 /* Preview Assets.xcassets */,
			);
			path = "Preview Content";
			sourceTree = "<group>";
		};
		B7CA775625DDA4D300ABF820 /* fitriteTests */ = {
			isa = PBXGroup;
			children = (
				B7CA775725DDA4D300ABF820 /* fitriteTests.swift */,
				B7CA775925DDA4D300ABF820 /* Info.plist */,
			);
			path = fitriteTests;
			sourceTree = "<group>";
		};
		B7CA776125DDA4D300ABF820 /* fitriteUITests */ = {
			isa = PBXGroup;
			children = (
				B7CA776225DDA4D300ABF820 /* fitriteUITests.swift */,
				B7CA776425DDA4D300ABF820 /* Info.plist */,
			);
			path = fitriteUITests;
			sourceTree = "<group>";
		};
/* End PBXGroup section */

/* Begin PBXNativeTarget section */
		B7CA773925DDA4D100ABF820 /* fitrite */ = {
			isa = PBXNativeTarget;
			buildConfigurationList = B7CA776725DDA4D300ABF820 /* Build configuration list for PBXNativeTarget "fitrite" */;
			buildPhases = (
				B7CA773625DDA4D100ABF820 /* Sources */,
				B7CA773725DDA4D100ABF820 /* Frameworks */,
				B7CA773825DDA4D100ABF820 /* Resources */,
			);
			buildRules = (
			);
			dependencies = (
			);
			name = fitrite;
			productName = fitrite;
			productReference = B7CA773A25DDA4D100ABF820 /* fitrite.app */;
			productType = "com.apple.product-type.application";
		};
		B7CA775225DDA4D300ABF820 /* fitriteTests */ = {
			isa = PBXNativeTarget;
			buildConfigurationList = B7CA776A25DDA4D300ABF820 /* Build configuration list for PBXNativeTarget "fitriteTests" */;
			buildPhases = (
				B7CA774F25DDA4D300ABF820 /* Sources */,
				B7CA775025DDA4D300ABF820 /* Frameworks */,
				B7CA775125DDA4D300ABF820 /* Resources */,
			);
			buildRules = (
			);
			dependencies = (
				B7CA775525DDA4D300ABF820 /* PBXTargetDependency */,
			);
			name = fitriteTests;
			productName = fitriteTests;
			productReference = B7CA775325DDA4D300ABF820 /* fitriteTests.xctest */;
			productType = "com.apple.product-type.bundle.unit-test";
		};
		B7CA775D25DDA4D300ABF820 /* fitriteUITests */ = {
			isa = PBXNativeTarget;
			buildConfigurationList = B7CA776D25DDA4D300ABF820 /* Build configuration list for PBXNativeTarget "fitriteUITests" */;
			buildPhases = (
				B7CA775A25DDA4D300ABF820 /* Sources */,
				B7CA775B25DDA4D300ABF820 /* Frameworks */,
				B7CA775C25DDA4D300ABF820 /* Resources */,
			);
			buildRules = (
			);
			dependencies = (
				B7CA776025DDA4D300ABF820 /* PBXTargetDependency */,
			);
			name = fitriteUITests;
			productName = fitriteUITests;
			productReference = B7CA775E25DDA4D300ABF820 /* fitriteUITests.xctest */;
			productType = "com.apple.product-type.bundle.ui-testing";
		};
/* End PBXNativeTarget section */

/* Begin PBXProject section */
		B7CA773225DDA4D000ABF820 /* Project object */ = {
			isa = PBXProject;
			attributes = {
				LastSwiftUpdateCheck = 1210;
				LastUpgradeCheck = 1210;
				TargetAttributes = {
					B7CA773925DDA4D100ABF820 = {
						CreatedOnToolsVersion = 12.1;
					};
					B7CA775225DDA4D300ABF820 = {
						CreatedOnToolsVersion = 12.1;
						TestTargetID = B7CA773925DDA4D100ABF820;
					};
					B7CA775D25DDA4D300ABF820 = {
						CreatedOnToolsVersion = 12.1;
						TestTargetID = B7CA773925DDA4D100ABF820;
					};
				};
			};
			buildConfigurationList = B7CA773525DDA4D000ABF820 /* Build configuration list for PBXProject "fitrite" */;
			compatibilityVersion = "Xcode 9.3";
			developmentRegion = en;
			hasScannedForEncodings = 0;
			knownRegions = (
				en,
				Base,
			);
			mainGroup = B7CA773125DDA4D000ABF820;
			productRefGroup = B7CA773B25DDA4D100ABF820 /* Products */;
			projectDirPath = "";
			projectRoot = "";
			targets = (
				B7CA773925DDA4D100ABF820 /* fitrite */,
				B7CA775225DDA4D300ABF820 /* fitriteTests */,
				B7CA775D25DDA4D300ABF820 /* fitriteUITests */,
			);
		};
/* End PBXProject section */

/* Begin PBXResourcesBuildPhase section */
		B7CA773825DDA4D100ABF820 /* Resources */ = {
			isa = PBXResourcesBuildPhase;
			buildActionMask = 2147483647;
			files = (
				B7CA774D25DDA4D300ABF820 /* LaunchScreen.storyboard in Resources */,
				B7CA774A25DDA4D300ABF820 /* Preview Assets.xcassets in Resources */,
				B7CA774725DDA4D300ABF820 /* Assets.xcassets in Resources */,
			);
			runOnlyForDeploymentPostprocessing = 0;
		};
		B7CA775125DDA4D300ABF820 /* Resources */ = {
			isa = PBXResourcesBuildPhase;
			buildActionMask = 2147483647;
			files = (
			);
			runOnlyForDeploymentPostprocessing = 0;
		};
		B7CA775C25DDA4D300ABF820 /* Resources */ = {
			isa = PBXResourcesBuildPhase;
			buildActionMask = 2147483647;
			files = (
			);
			runOnlyForDeploymentPostprocessing = 0;
		};
/* End PBXResourcesBuildPhase section */

/* Begin PBXSourcesBuildPhase section */
		B7CA773625DDA4D100ABF820 /* Sources */ = {
			isa = PBXSourcesBuildPhase;
			buildActionMask = 2147483647;
			files = (
				B764710E25E13E95003054A6 /* ShoesList.swift in Sources */,
				B774DEFC25FD3BBE00938BBF /* DiscoverView.swift in Sources */,
				B790850B2604E83100205640 /* IndicateSizeView.swift in Sources */,
				B7AC556D25FE77A900DCA642 /* BrandListManager.swift in Sources */,
				B76470F825E13650003054A6 /* ShoeCell.swift in Sources */,
				B7CA773E25DDA4D100ABF820 /* AppDelegate.swift in Sources */,
				B79085202604EB3B00205640 /* AddShoeView.swift in Sources */,
				B788C82125E947C500F1734D /* ShoesCollection.swift in Sources */,
				B7CA774025DDA4D100ABF820 /* SceneDelegate.swift in Sources */,
				B7AC556225FE775A00DCA642 /* ShoesListManager.swift in Sources */,
				B79085292604EB6D00205640 /* AddShoeManager.swift in Sources */,
				B788C84225E985FE00F1734D /* BrandListView.swift in Sources */,
				B79085172604E8DA00205640 /* IndicateSizeManager.swift in Sources */,
				B7930FC025FABBE200AEAE44 /* NavView.swift in Sources */,
				B788C83025E952A900F1734D /* Array+Identifiable.swift in Sources */,
				B774DEF125FD2D4400938BBF /* ProfileView.swift in Sources */,
				B764711925E14071003054A6 /* BrandList.swift in Sources */,
				B7CA774225DDA4D100ABF820 /* ShoeCollectionView.swift in Sources */,
				B7CA774525DDA4D100ABF820 /* fitrite.xcdatamodeld in Sources */,
				B774DF0425FE371600938BBF /* ShoesListView.swift in Sources */,
				B7930FB725FAB8C700AEAE44 /* BrandItemView.swift in Sources */,
				B788C84F25F00E3800F1734D /* ShoeCollectionItemView.swift in Sources */,
				B7AC557B25FE789600DCA642 /* ShoeListItemView.swift in Sources */,
				B764712225E15692003054A6 /* ShoesCollectionManager.swift in Sources */,
			);
			runOnlyForDeploymentPostprocessing = 0;
		};
		B7CA774F25DDA4D300ABF820 /* Sources */ = {
			isa = PBXSourcesBuildPhase;
			buildActionMask = 2147483647;
			files = (
				B7CA775825DDA4D300ABF820 /* fitriteTests.swift in Sources */,
			);
			runOnlyForDeploymentPostprocessing = 0;
		};
		B7CA775A25DDA4D300ABF820 /* Sources */ = {
			isa = PBXSourcesBuildPhase;
			buildActionMask = 2147483647;
			files = (
				B7CA776325DDA4D300ABF820 /* fitriteUITests.swift in Sources */,
			);
			runOnlyForDeploymentPostprocessing = 0;
		};
/* End PBXSourcesBuildPhase section */

/* Begin PBXTargetDependency section */
		B7CA775525DDA4D300ABF820 /* PBXTargetDependency */ = {
			isa = PBXTargetDependency;
			target = B7CA773925DDA4D100ABF820 /* fitrite */;
			targetProxy = B7CA775425DDA4D300ABF820 /* PBXContainerItemProxy */;
		};
		B7CA776025DDA4D300ABF820 /* PBXTargetDependency */ = {
			isa = PBXTargetDependency;
			target = B7CA773925DDA4D100ABF820 /* fitrite */;
			targetProxy = B7CA775F25DDA4D300ABF820 /* PBXContainerItemProxy */;
		};
/* End PBXTargetDependency section */

/* Begin PBXVariantGroup section */
		B7CA774B25DDA4D300ABF820 /* LaunchScreen.storyboard */ = {
			isa = PBXVariantGroup;
			children = (
				B7CA774C25DDA4D300ABF820 /* Base */,
			);
			name = LaunchScreen.storyboard;
			sourceTree = "<group>";
		};
/* End PBXVariantGroup section */

/* Begin XCBuildConfiguration section */
		B7CA776525DDA4D300ABF820 /* Debug */ = {
			isa = XCBuildConfiguration;
			buildSettings = {
				ALWAYS_SEARCH_USER_PATHS = NO;
				CLANG_ANALYZER_NONNULL = YES;
				CLANG_ANALYZER_NUMBER_OBJECT_CONVERSION = YES_AGGRESSIVE;
				CLANG_CXX_LANGUAGE_STANDARD = "gnu++14";
				CLANG_CXX_LIBRARY = "libc++";
				CLANG_ENABLE_MODULES = YES;
				CLANG_ENABLE_OBJC_ARC = YES;
				CLANG_ENABLE_OBJC_WEAK = YES;
				CLANG_WARN_BLOCK_CAPTURE_AUTORELEASING = YES;
				CLANG_WARN_BOOL_CONVERSION = YES;
				CLANG_WARN_COMMA = YES;
				CLANG_WARN_CONSTANT_CONVERSION = YES;
				CLANG_WARN_DEPRECATED_OBJC_IMPLEMENTATIONS = YES;
				CLANG_WARN_DIRECT_OBJC_ISA_USAGE = YES_ERROR;
				CLANG_WARN_DOCUMENTATION_COMMENTS = YES;
				CLANG_WARN_EMPTY_BODY = YES;
				CLANG_WARN_ENUM_CONVERSION = YES;
				CLANG_WARN_INFINITE_RECURSION = YES;
				CLANG_WARN_INT_CONVERSION = YES;
				CLANG_WARN_NON_LITERAL_NULL_CONVERSION = YES;
				CLANG_WARN_OBJC_IMPLICIT_RETAIN_SELF = YES;
				CLANG_WARN_OBJC_LITERAL_CONVERSION = YES;
				CLANG_WARN_OBJC_ROOT_CLASS = YES_ERROR;
				CLANG_WARN_QUOTED_INCLUDE_IN_FRAMEWORK_HEADER = YES;
				CLANG_WARN_RANGE_LOOP_ANALYSIS = YES;
				CLANG_WARN_STRICT_PROTOTYPES = YES;
				CLANG_WARN_SUSPICIOUS_MOVE = YES;
				CLANG_WARN_UNGUARDED_AVAILABILITY = YES_AGGRESSIVE;
				CLANG_WARN_UNREACHABLE_CODE = YES;
				CLANG_WARN__DUPLICATE_METHOD_MATCH = YES;
				COPY_PHASE_STRIP = NO;
				DEBUG_INFORMATION_FORMAT = dwarf;
				ENABLE_STRICT_OBJC_MSGSEND = YES;
				ENABLE_TESTABILITY = YES;
				GCC_C_LANGUAGE_STANDARD = gnu11;
				GCC_DYNAMIC_NO_PIC = NO;
				GCC_NO_COMMON_BLOCKS = YES;
				GCC_OPTIMIZATION_LEVEL = 0;
				GCC_PREPROCESSOR_DEFINITIONS = (
					"DEBUG=1",
					"$(inherited)",
				);
				GCC_WARN_64_TO_32_BIT_CONVERSION = YES;
				GCC_WARN_ABOUT_RETURN_TYPE = YES_ERROR;
				GCC_WARN_UNDECLARED_SELECTOR = YES;
				GCC_WARN_UNINITIALIZED_AUTOS = YES_AGGRESSIVE;
				GCC_WARN_UNUSED_FUNCTION = YES;
				GCC_WARN_UNUSED_VARIABLE = YES;
				IPHONEOS_DEPLOYMENT_TARGET = 13.0;
				MTL_ENABLE_DEBUG_INFO = INCLUDE_SOURCE;
				MTL_FAST_MATH = YES;
				ONLY_ACTIVE_ARCH = YES;
				SDKROOT = iphoneos;
				SWIFT_ACTIVE_COMPILATION_CONDITIONS = DEBUG;
				SWIFT_OPTIMIZATION_LEVEL = "-Onone";
			};
			name = Debug;
		};
		B7CA776625DDA4D300ABF820 /* Release */ = {
			isa = XCBuildConfiguration;
			buildSettings = {
				ALWAYS_SEARCH_USER_PATHS = NO;
				CLANG_ANALYZER_NONNULL = YES;
				CLANG_ANALYZER_NUMBER_OBJECT_CONVERSION = YES_AGGRESSIVE;
				CLANG_CXX_LANGUAGE_STANDARD = "gnu++14";
				CLANG_CXX_LIBRARY = "libc++";
				CLANG_ENABLE_MODULES = YES;
				CLANG_ENABLE_OBJC_ARC = YES;
				CLANG_ENABLE_OBJC_WEAK = YES;
				CLANG_WARN_BLOCK_CAPTURE_AUTORELEASING = YES;
				CLANG_WARN_BOOL_CONVERSION = YES;
				CLANG_WARN_COMMA = YES;
				CLANG_WARN_CONSTANT_CONVERSION = YES;
				CLANG_WARN_DEPRECATED_OBJC_IMPLEMENTATIONS = YES;
				CLANG_WARN_DIRECT_OBJC_ISA_USAGE = YES_ERROR;
				CLANG_WARN_DOCUMENTATION_COMMENTS = YES;
				CLANG_WARN_EMPTY_BODY = YES;
				CLANG_WARN_ENUM_CONVERSION = YES;
				CLANG_WARN_INFINITE_RECURSION = YES;
				CLANG_WARN_INT_CONVERSION = YES;
				CLANG_WARN_NON_LITERAL_NULL_CONVERSION = YES;
				CLANG_WARN_OBJC_IMPLICIT_RETAIN_SELF = YES;
				CLANG_WARN_OBJC_LITERAL_CONVERSION = YES;
				CLANG_WARN_OBJC_ROOT_CLASS = YES_ERROR;
				CLANG_WARN_QUOTED_INCLUDE_IN_FRAMEWORK_HEADER = YES;
				CLANG_WARN_RANGE_LOOP_ANALYSIS = YES;
				CLANG_WARN_STRICT_PROTOTYPES = YES;
				CLANG_WARN_SUSPICIOUS_MOVE = YES;
				CLANG_WARN_UNGUARDED_AVAILABILITY = YES_AGGRESSIVE;
				CLANG_WARN_UNREACHABLE_CODE = YES;
				CLANG_WARN__DUPLICATE_METHOD_MATCH = YES;
				COPY_PHASE_STRIP = NO;
				DEBUG_INFORMATION_FORMAT = "dwarf-with-dsym";
				ENABLE_NS_ASSERTIONS = NO;
				ENABLE_STRICT_OBJC_MSGSEND = YES;
				GCC_C_LANGUAGE_STANDARD = gnu11;
				GCC_NO_COMMON_BLOCKS = YES;
				GCC_WARN_64_TO_32_BIT_CONVERSION = YES;
				GCC_WARN_ABOUT_RETURN_TYPE = YES_ERROR;
				GCC_WARN_UNDECLARED_SELECTOR = YES;
				GCC_WARN_UNINITIALIZED_AUTOS = YES_AGGRESSIVE;
				GCC_WARN_UNUSED_FUNCTION = YES;
				GCC_WARN_UNUSED_VARIABLE = YES;
				IPHONEOS_DEPLOYMENT_TARGET = 13.0;
				MTL_ENABLE_DEBUG_INFO = NO;
				MTL_FAST_MATH = YES;
				SDKROOT = iphoneos;
				SWIFT_COMPILATION_MODE = wholemodule;
				SWIFT_OPTIMIZATION_LEVEL = "-O";
				VALIDATE_PRODUCT = YES;
			};
			name = Release;
		};
		B7CA776825DDA4D300ABF820 /* Debug */ = {
			isa = XCBuildConfiguration;
			buildSettings = {
				ASSETCATALOG_COMPILER_APPICON_NAME = AppIcon;
				ASSETCATALOG_COMPILER_GLOBAL_ACCENT_COLOR_NAME = AccentColor;
				CODE_SIGN_STYLE = Automatic;
				DEVELOPMENT_ASSET_PATHS = "\"fitrite/Preview Content\"";
				DEVELOPMENT_TEAM = 2C9T573ZCP;
				ENABLE_PREVIEWS = YES;
				INFOPLIST_FILE = fitrite/Info.plist;
				IPHONEOS_DEPLOYMENT_TARGET = 13.0;
				LD_RUNPATH_SEARCH_PATHS = (
					"$(inherited)",
					"@executable_path/Frameworks",
				);
				PRODUCT_BUNDLE_IDENTIFIER = com.skowronsky.fitrite;
				PRODUCT_NAME = "$(TARGET_NAME)";
				SWIFT_VERSION = 5.0;
				TARGETED_DEVICE_FAMILY = "1,2";
			};
			name = Debug;
		};
		B7CA776925DDA4D300ABF820 /* Release */ = {
			isa = XCBuildConfiguration;
			buildSettings = {
				ASSETCATALOG_COMPILER_APPICON_NAME = AppIcon;
				ASSETCATALOG_COMPILER_GLOBAL_ACCENT_COLOR_NAME = AccentColor;
				CODE_SIGN_STYLE = Automatic;
				DEVELOPMENT_ASSET_PATHS = "\"fitrite/Preview Content\"";
				DEVELOPMENT_TEAM = 2C9T573ZCP;
				ENABLE_PREVIEWS = YES;
				INFOPLIST_FILE = fitrite/Info.plist;
				IPHONEOS_DEPLOYMENT_TARGET = 13.0;
				LD_RUNPATH_SEARCH_PATHS = (
					"$(inherited)",
					"@executable_path/Frameworks",
				);
				PRODUCT_BUNDLE_IDENTIFIER = com.skowronsky.fitrite;
				PRODUCT_NAME = "$(TARGET_NAME)";
				SWIFT_VERSION = 5.0;
				TARGETED_DEVICE_FAMILY = "1,2";
			};
			name = Release;
		};
		B7CA776B25DDA4D300ABF820 /* Debug */ = {
			isa = XCBuildConfiguration;
			buildSettings = {
				ALWAYS_EMBED_SWIFT_STANDARD_LIBRARIES = YES;
				BUNDLE_LOADER = "$(TEST_HOST)";
				CODE_SIGN_STYLE = Automatic;
				DEVELOPMENT_TEAM = 2C9T573ZCP;
				INFOPLIST_FILE = fitriteTests/Info.plist;
				IPHONEOS_DEPLOYMENT_TARGET = 14.1;
				LD_RUNPATH_SEARCH_PATHS = (
					"$(inherited)",
					"@executable_path/Frameworks",
					"@loader_path/Frameworks",
				);
				PRODUCT_BUNDLE_IDENTIFIER = com.skowronsky.fitriteTests;
				PRODUCT_NAME = "$(TARGET_NAME)";
				SWIFT_VERSION = 5.0;
				TARGETED_DEVICE_FAMILY = "1,2";
				TEST_HOST = "$(BUILT_PRODUCTS_DIR)/fitrite.app/fitrite";
			};
			name = Debug;
		};
		B7CA776C25DDA4D300ABF820 /* Release */ = {
			isa = XCBuildConfiguration;
			buildSettings = {
				ALWAYS_EMBED_SWIFT_STANDARD_LIBRARIES = YES;
				BUNDLE_LOADER = "$(TEST_HOST)";
				CODE_SIGN_STYLE = Automatic;
				DEVELOPMENT_TEAM = 2C9T573ZCP;
				INFOPLIST_FILE = fitriteTests/Info.plist;
				IPHONEOS_DEPLOYMENT_TARGET = 14.1;
				LD_RUNPATH_SEARCH_PATHS = (
					"$(inherited)",
					"@executable_path/Frameworks",
					"@loader_path/Frameworks",
				);
				PRODUCT_BUNDLE_IDENTIFIER = com.skowronsky.fitriteTests;
				PRODUCT_NAME = "$(TARGET_NAME)";
				SWIFT_VERSION = 5.0;
				TARGETED_DEVICE_FAMILY = "1,2";
				TEST_HOST = "$(BUILT_PRODUCTS_DIR)/fitrite.app/fitrite";
			};
			name = Release;
		};
		B7CA776E25DDA4D300ABF820 /* Debug */ = {
			isa = XCBuildConfiguration;
			buildSettings = {
				ALWAYS_EMBED_SWIFT_STANDARD_LIBRARIES = YES;
				CODE_SIGN_STYLE = Automatic;
				DEVELOPMENT_TEAM = 2C9T573ZCP;
				INFOPLIST_FILE = fitriteUITests/Info.plist;
				LD_RUNPATH_SEARCH_PATHS = (
					"$(inherited)",
					"@executable_path/Frameworks",
					"@loader_path/Frameworks",
				);
				PRODUCT_BUNDLE_IDENTIFIER = com.skowronsky.fitriteUITests;
				PRODUCT_NAME = "$(TARGET_NAME)";
				SWIFT_VERSION = 5.0;
				TARGETED_DEVICE_FAMILY = "1,2";
				TEST_TARGET_NAME = fitrite;
			};
			name = Debug;
		};
		B7CA776F25DDA4D300ABF820 /* Release */ = {
			isa = XCBuildConfiguration;
			buildSettings = {
				ALWAYS_EMBED_SWIFT_STANDARD_LIBRARIES = YES;
				CODE_SIGN_STYLE = Automatic;
				DEVELOPMENT_TEAM = 2C9T573ZCP;
				INFOPLIST_FILE = fitriteUITests/Info.plist;
				LD_RUNPATH_SEARCH_PATHS = (
					"$(inherited)",
					"@executable_path/Frameworks",
					"@loader_path/Frameworks",
				);
				PRODUCT_BUNDLE_IDENTIFIER = com.skowronsky.fitriteUITests;
				PRODUCT_NAME = "$(TARGET_NAME)";
				SWIFT_VERSION = 5.0;
				TARGETED_DEVICE_FAMILY = "1,2";
				TEST_TARGET_NAME = fitrite;
			};
			name = Release;
		};
/* End XCBuildConfiguration section */

/* Begin XCConfigurationList section */
		B7CA773525DDA4D000ABF820 /* Build configuration list for PBXProject "fitrite" */ = {
			isa = XCConfigurationList;
			buildConfigurations = (
				B7CA776525DDA4D300ABF820 /* Debug */,
				B7CA776625DDA4D300ABF820 /* Release */,
			);
			defaultConfigurationIsVisible = 0;
			defaultConfigurationName = Release;
		};
		B7CA776725DDA4D300ABF820 /* Build configuration list for PBXNativeTarget "fitrite" */ = {
			isa = XCConfigurationList;
			buildConfigurations = (
				B7CA776825DDA4D300ABF820 /* Debug */,
				B7CA776925DDA4D300ABF820 /* Release */,
			);
			defaultConfigurationIsVisible = 0;
			defaultConfigurationName = Release;
		};
		B7CA776A25DDA4D300ABF820 /* Build configuration list for PBXNativeTarget "fitriteTests" */ = {
			isa = XCConfigurationList;
			buildConfigurations = (
				B7CA776B25DDA4D300ABF820 /* Debug */,
				B7CA776C25DDA4D300ABF820 /* Release */,
			);
			defaultConfigurationIsVisible = 0;
			defaultConfigurationName = Release;
		};
		B7CA776D25DDA4D300ABF820 /* Build configuration list for PBXNativeTarget "fitriteUITests" */ = {
			isa = XCConfigurationList;
			buildConfigurations = (
				B7CA776E25DDA4D300ABF820 /* Debug */,
				B7CA776F25DDA4D300ABF820 /* Release */,
			);
			defaultConfigurationIsVisible = 0;
			defaultConfigurationName = Release;
		};
/* End XCConfigurationList section */

/* Begin XCVersionGroup section */
		B7CA774325DDA4D100ABF820 /* fitrite.xcdatamodeld */ = {
			isa = XCVersionGroup;
			children = (
				B7CA774425DDA4D100ABF820 /* fitrite.xcdatamodel */,
			);
			currentVersion = B7CA774425DDA4D100ABF820 /* fitrite.xcdatamodel */;
			path = fitrite.xcdatamodeld;
			sourceTree = "<group>";
			versionGroupType = wrapper.xcdatamodel;
		};
/* End XCVersionGroup section */
	};
	rootObject = B7CA773225DDA4D000ABF820 /* Project object */;
}
